// !$*UTF8*$!
{
	archiveVersion = 1;
	classes = {
	};
	objectVersion = 45;
	objects = {

/* Begin PBXAggregateTarget section */
		24416B8111C4CA220047AFDD /* Build & Test */ = {
			isa = PBXAggregateTarget;
			buildConfigurationList = 24416B8A11C4CA520047AFDD /* Build configuration list for PBXAggregateTarget "Build & Test" */;
			buildPhases = (
				24416B8011C4CA220047AFDD /* ShellScript */,
			);
			dependencies = (
				24416B8511C4CA280047AFDD /* PBXTargetDependency */,
			);
			name = "Build & Test";
			productName = "Build & test";
		};
/* End PBXAggregateTarget section */

/* Begin PBXBuildFile section */
		24DD6CF91134B3F500162E58 /* JpMsmcTipaperfoldModule.h in Headers */ = {isa = PBXBuildFile; fileRef = 24DD6CF71134B3F500162E58 /* JpMsmcTipaperfoldModule.h */; };
		24DD6CFA1134B3F500162E58 /* JpMsmcTipaperfoldModule.m in Sources */ = {isa = PBXBuildFile; fileRef = 24DD6CF81134B3F500162E58 /* JpMsmcTipaperfoldModule.m */; };
		24DE9E1111C5FE74003F90F6 /* JpMsmcTipaperfoldModuleAssets.h in Headers */ = {isa = PBXBuildFile; fileRef = 24DE9E0F11C5FE74003F90F6 /* JpMsmcTipaperfoldModuleAssets.h */; };
		24DE9E1211C5FE74003F90F6 /* JpMsmcTipaperfoldModuleAssets.m in Sources */ = {isa = PBXBuildFile; fileRef = 24DE9E1011C5FE74003F90F6 /* JpMsmcTipaperfoldModuleAssets.m */; };
		31BEF99215E1B2060049D2C3 /* FacingView.h in Headers */ = {isa = PBXBuildFile; fileRef = 31BEF98215E1B2060049D2C3 /* FacingView.h */; };
		31BEF99315E1B2060049D2C3 /* FacingView.m in Sources */ = {isa = PBXBuildFile; fileRef = 31BEF98315E1B2060049D2C3 /* FacingView.m */; settings = {COMPILER_FLAGS = "-fobjc-arc"; }; };
		31BEF99415E1B2060049D2C3 /* FoldView.h in Headers */ = {isa = PBXBuildFile; fileRef = 31BEF98415E1B2060049D2C3 /* FoldView.h */; };
		31BEF99515E1B2060049D2C3 /* FoldView.m in Sources */ = {isa = PBXBuildFile; fileRef = 31BEF98515E1B2060049D2C3 /* FoldView.m */; settings = {COMPILER_FLAGS = "-fobjc-arc"; }; };
		31BEF99615E1B2060049D2C3 /* MultiFoldView.h in Headers */ = {isa = PBXBuildFile; fileRef = 31BEF98615E1B2060049D2C3 /* MultiFoldView.h */; };
		31BEF99715E1B2060049D2C3 /* MultiFoldView.m in Sources */ = {isa = PBXBuildFile; fileRef = 31BEF98715E1B2060049D2C3 /* MultiFoldView.m */; settings = {COMPILER_FLAGS = "-fobjc-arc"; }; };
		31BEF99815E1B2060049D2C3 /* PaperFoldNavigationController.h in Headers */ = {isa = PBXBuildFile; fileRef = 31BEF98815E1B2060049D2C3 /* PaperFoldNavigationController.h */; };
		31BEF99915E1B2060049D2C3 /* PaperFoldNavigationController.m in Sources */ = {isa = PBXBuildFile; fileRef = 31BEF98915E1B2060049D2C3 /* PaperFoldNavigationController.m */; settings = {COMPILER_FLAGS = "-fobjc-arc"; }; };
		31BEF99A15E1B2060049D2C3 /* PaperFoldView.h in Headers */ = {isa = PBXBuildFile; fileRef = 31BEF98A15E1B2060049D2C3 /* PaperFoldView.h */; };
		31BEF99B15E1B2060049D2C3 /* PaperFoldView.m in Sources */ = {isa = PBXBuildFile; fileRef = 31BEF98B15E1B2060049D2C3 /* PaperFoldView.m */; settings = {COMPILER_FLAGS = "-fobjc-arc"; }; };
		31BEF99C15E1B2060049D2C3 /* ShadowView.h in Headers */ = {isa = PBXBuildFile; fileRef = 31BEF98C15E1B2060049D2C3 /* ShadowView.h */; };
		31BEF99D15E1B2060049D2C3 /* ShadowView.m in Sources */ = {isa = PBXBuildFile; fileRef = 31BEF98D15E1B2060049D2C3 /* ShadowView.m */; settings = {COMPILER_FLAGS = "-fobjc-arc"; }; };
		31BEF99E15E1B2060049D2C3 /* TouchThroughUIView.h in Headers */ = {isa = PBXBuildFile; fileRef = 31BEF98E15E1B2060049D2C3 /* TouchThroughUIView.h */; };
		31BEF99F15E1B2060049D2C3 /* TouchThroughUIView.m in Sources */ = {isa = PBXBuildFile; fileRef = 31BEF98F15E1B2060049D2C3 /* TouchThroughUIView.m */; settings = {COMPILER_FLAGS = "-fobjc-arc"; }; };
		31BEF9A015E1B2060049D2C3 /* UIView+Screenshot.h in Headers */ = {isa = PBXBuildFile; fileRef = 31BEF99015E1B2060049D2C3 /* UIView+Screenshot.h */; };
		31BEF9A115E1B2060049D2C3 /* UIView+Screenshot.m in Sources */ = {isa = PBXBuildFile; fileRef = 31BEF99115E1B2060049D2C3 /* UIView+Screenshot.m */; settings = {COMPILER_FLAGS = "-fobjc-arc"; }; };
		31E2264215D604E600B6F9E2 /* JpMsmcTipaperfoldPaperFoldViewProxy.h in Headers */ = {isa = PBXBuildFile; fileRef = 31E2264015D604E600B6F9E2 /* JpMsmcTipaperfoldPaperFoldViewProxy.h */; };
		31E2264315D604E600B6F9E2 /* JpMsmcTipaperfoldPaperFoldViewProxy.m in Sources */ = {isa = PBXBuildFile; fileRef = 31E2264115D604E600B6F9E2 /* JpMsmcTipaperfoldPaperFoldViewProxy.m */; };
		31E2264915D66C4900B6F9E2 /* JpMsmcTipaperfoldPaperFoldView.h in Headers */ = {isa = PBXBuildFile; fileRef = 31E2264715D66C4900B6F9E2 /* JpMsmcTipaperfoldPaperFoldView.h */; };
		31E2264A15D66C4900B6F9E2 /* JpMsmcTipaperfoldPaperFoldView.m in Sources */ = {isa = PBXBuildFile; fileRef = 31E2264815D66C4900B6F9E2 /* JpMsmcTipaperfoldPaperFoldView.m */; };
		31E2265415D67B8100B6F9E2 /* QuartzCore.framework in Frameworks */ = {isa = PBXBuildFile; fileRef = 31E2265315D67B8100B6F9E2 /* QuartzCore.framework */; };
		AA747D9F0F9514B9006C5449 /* JpMsmcTipaperfold_Prefix.pch in Headers */ = {isa = PBXBuildFile; fileRef = AA747D9E0F9514B9006C5449 /* JpMsmcTipaperfold_Prefix.pch */; };
		AACBBE4A0F95108600F1A2B1 /* Foundation.framework in Frameworks */ = {isa = PBXBuildFile; fileRef = AACBBE490F95108600F1A2B1 /* Foundation.framework */; };
/* End PBXBuildFile section */

/* Begin PBXContainerItemProxy section */
		24416B8411C4CA280047AFDD /* PBXContainerItemProxy */ = {
			isa = PBXContainerItemProxy;
			containerPortal = 0867D690FE84028FC02AAC07 /* Project object */;
			proxyType = 1;
			remoteGlobalIDString = D2AAC07D0554694100DB518D;
			remoteInfo = tipapaerfold;
		};
/* End PBXContainerItemProxy section */

/* Begin PBXFileReference section */
		24DD6CF71134B3F500162E58 /* JpMsmcTipaperfoldModule.h */ = {isa = PBXFileReference; fileEncoding = 4; lastKnownFileType = sourcecode.c.h; name = JpMsmcTipaperfoldModule.h; path = Classes/JpMsmcTipaperfoldModule.h; sourceTree = "<group>"; };
		24DD6CF81134B3F500162E58 /* JpMsmcTipaperfoldModule.m */ = {isa = PBXFileReference; fileEncoding = 4; lastKnownFileType = sourcecode.c.objc; name = JpMsmcTipaperfoldModule.m; path = Classes/JpMsmcTipaperfoldModule.m; sourceTree = "<group>"; };
		24DD6D1B1134B66800162E58 /* titanium.xcconfig */ = {isa = PBXFileReference; fileEncoding = 4; lastKnownFileType = text.xcconfig; path = titanium.xcconfig; sourceTree = "<group>"; };
		24DE9E0F11C5FE74003F90F6 /* JpMsmcTipaperfoldModuleAssets.h */ = {isa = PBXFileReference; fileEncoding = 4; lastKnownFileType = sourcecode.c.h; name = JpMsmcTipaperfoldModuleAssets.h; path = Classes/JpMsmcTipaperfoldModuleAssets.h; sourceTree = "<group>"; };
		24DE9E1011C5FE74003F90F6 /* JpMsmcTipaperfoldModuleAssets.m */ = {isa = PBXFileReference; fileEncoding = 4; lastKnownFileType = sourcecode.c.objc; name = JpMsmcTipaperfoldModuleAssets.m; path = Classes/JpMsmcTipaperfoldModuleAssets.m; sourceTree = "<group>"; };
		31BEF98215E1B2060049D2C3 /* FacingView.h */ = {isa = PBXFileReference; fileEncoding = 4; lastKnownFileType = sourcecode.c.h; name = FacingView.h; path = "PaperFold-for-iOS/PaperFold/PaperFold/PaperFold/FacingView.h"; sourceTree = SOURCE_ROOT; };
		31BEF98315E1B2060049D2C3 /* FacingView.m */ = {isa = PBXFileReference; fileEncoding = 4; lastKnownFileType = sourcecode.c.objc; name = FacingView.m; path = "PaperFold-for-iOS/PaperFold/PaperFold/PaperFold/FacingView.m"; sourceTree = SOURCE_ROOT; };
		31BEF98415E1B2060049D2C3 /* FoldView.h */ = {isa = PBXFileReference; fileEncoding = 4; lastKnownFileType = sourcecode.c.h; name = FoldView.h; path = "PaperFold-for-iOS/PaperFold/PaperFold/PaperFold/FoldView.h"; sourceTree = SOURCE_ROOT; };
		31BEF98515E1B2060049D2C3 /* FoldView.m */ = {isa = PBXFileReference; fileEncoding = 4; lastKnownFileType = sourcecode.c.objc; name = FoldView.m; path = "PaperFold-for-iOS/PaperFold/PaperFold/PaperFold/FoldView.m"; sourceTree = SOURCE_ROOT; };
		31BEF98615E1B2060049D2C3 /* MultiFoldView.h */ = {isa = PBXFileReference; fileEncoding = 4; lastKnownFileType = sourcecode.c.h; name = MultiFoldView.h; path = "PaperFold-for-iOS/PaperFold/PaperFold/PaperFold/MultiFoldView.h"; sourceTree = SOURCE_ROOT; };
		31BEF98715E1B2060049D2C3 /* MultiFoldView.m */ = {isa = PBXFileReference; fileEncoding = 4; lastKnownFileType = sourcecode.c.objc; name = MultiFoldView.m; path = "PaperFold-for-iOS/PaperFold/PaperFold/PaperFold/MultiFoldView.m"; sourceTree = SOURCE_ROOT; };
		31BEF98815E1B2060049D2C3 /* PaperFoldNavigationController.h */ = {isa = PBXFileReference; fileEncoding = 4; lastKnownFileType = sourcecode.c.h; name = PaperFoldNavigationController.h; path = "PaperFold-for-iOS/PaperFold/PaperFold/PaperFold/PaperFoldNavigationController.h"; sourceTree = SOURCE_ROOT; };
		31BEF98915E1B2060049D2C3 /* PaperFoldNavigationController.m */ = {isa = PBXFileReference; fileEncoding = 4; lastKnownFileType = sourcecode.c.objc; name = PaperFoldNavigationController.m; path = "PaperFold-for-iOS/PaperFold/PaperFold/PaperFold/PaperFoldNavigationController.m"; sourceTree = SOURCE_ROOT; };
		31BEF98A15E1B2060049D2C3 /* PaperFoldView.h */ = {isa = PBXFileReference; fileEncoding = 4; lastKnownFileType = sourcecode.c.h; name = PaperFoldView.h; path = "PaperFold-for-iOS/PaperFold/PaperFold/PaperFold/PaperFoldView.h"; sourceTree = SOURCE_ROOT; };
		31BEF98B15E1B2060049D2C3 /* PaperFoldView.m */ = {isa = PBXFileReference; fileEncoding = 4; lastKnownFileType = sourcecode.c.objc; name = PaperFoldView.m; path = "PaperFold-for-iOS/PaperFold/PaperFold/PaperFold/PaperFoldView.m"; sourceTree = SOURCE_ROOT; };
		31BEF98C15E1B2060049D2C3 /* ShadowView.h */ = {isa = PBXFileReference; fileEncoding = 4; lastKnownFileType = sourcecode.c.h; name = ShadowView.h; path = "PaperFold-for-iOS/PaperFold/PaperFold/PaperFold/ShadowView.h"; sourceTree = SOURCE_ROOT; };
		31BEF98D15E1B2060049D2C3 /* ShadowView.m */ = {isa = PBXFileReference; fileEncoding = 4; lastKnownFileType = sourcecode.c.objc; name = ShadowView.m; path = "PaperFold-for-iOS/PaperFold/PaperFold/PaperFold/ShadowView.m"; sourceTree = SOURCE_ROOT; };
		31BEF98E15E1B2060049D2C3 /* TouchThroughUIView.h */ = {isa = PBXFileReference; fileEncoding = 4; lastKnownFileType = sourcecode.c.h; name = TouchThroughUIView.h; path = "PaperFold-for-iOS/PaperFold/PaperFold/PaperFold/TouchThroughUIView.h"; sourceTree = SOURCE_ROOT; };
		31BEF98F15E1B2060049D2C3 /* TouchThroughUIView.m */ = {isa = PBXFileReference; fileEncoding = 4; lastKnownFileType = sourcecode.c.objc; name = TouchThroughUIView.m; path = "PaperFold-for-iOS/PaperFold/PaperFold/PaperFold/TouchThroughUIView.m"; sourceTree = SOURCE_ROOT; };
		31BEF99015E1B2060049D2C3 /* UIView+Screenshot.h */ = {isa = PBXFileReference; fileEncoding = 4; lastKnownFileType = sourcecode.c.h; name = "UIView+Screenshot.h"; path = "PaperFold-for-iOS/PaperFold/PaperFold/PaperFold/UIView+Screenshot.h"; sourceTree = SOURCE_ROOT; };
		31BEF99115E1B2060049D2C3 /* UIView+Screenshot.m */ = {isa = PBXFileReference; fileEncoding = 4; lastKnownFileType = sourcecode.c.objc; name = "UIView+Screenshot.m"; path = "PaperFold-for-iOS/PaperFold/PaperFold/PaperFold/UIView+Screenshot.m"; sourceTree = SOURCE_ROOT; };
		31E2264015D604E600B6F9E2 /* JpMsmcTipaperfoldPaperFoldViewProxy.h */ = {isa = PBXFileReference; fileEncoding = 4; lastKnownFileType = sourcecode.c.h; name = JpMsmcTipaperfoldPaperFoldViewProxy.h; path = Classes/JpMsmcTipaperfoldPaperFoldViewProxy.h; sourceTree = "<group>"; };
		31E2264115D604E600B6F9E2 /* JpMsmcTipaperfoldPaperFoldViewProxy.m */ = {isa = PBXFileReference; fileEncoding = 4; lastKnownFileType = sourcecode.c.objc; name = JpMsmcTipaperfoldPaperFoldViewProxy.m; path = Classes/JpMsmcTipaperfoldPaperFoldViewProxy.m; sourceTree = "<group>"; };
		31E2264715D66C4900B6F9E2 /* JpMsmcTipaperfoldPaperFoldView.h */ = {isa = PBXFileReference; fileEncoding = 4; lastKnownFileType = sourcecode.c.h; name = JpMsmcTipaperfoldPaperFoldView.h; path = Classes/JpMsmcTipaperfoldPaperFoldView.h; sourceTree = "<group>"; };
		31E2264815D66C4900B6F9E2 /* JpMsmcTipaperfoldPaperFoldView.m */ = {isa = PBXFileReference; fileEncoding = 4; lastKnownFileType = sourcecode.c.objc; name = JpMsmcTipaperfoldPaperFoldView.m; path = Classes/JpMsmcTipaperfoldPaperFoldView.m; sourceTree = "<group>"; };
		31E2265315D67B8100B6F9E2 /* QuartzCore.framework */ = {isa = PBXFileReference; lastKnownFileType = wrapper.framework; name = QuartzCore.framework; path = System/Library/Frameworks/QuartzCore.framework; sourceTree = SDKROOT; };
		AA747D9E0F9514B9006C5449 /* JpMsmcTipaperfold_Prefix.pch */ = {isa = PBXFileReference; fileEncoding = 4; lastKnownFileType = sourcecode.c.h; path = JpMsmcTipaperfold_Prefix.pch; sourceTree = SOURCE_ROOT; };
		AACBBE490F95108600F1A2B1 /* Foundation.framework */ = {isa = PBXFileReference; lastKnownFileType = wrapper.framework; name = Foundation.framework; path = System/Library/Frameworks/Foundation.framework; sourceTree = SDKROOT; };
		D2AAC07E0554694100DB518D /* libJpMsmcTipaperfold.a */ = {isa = PBXFileReference; explicitFileType = archive.ar; includeInIndex = 0; path = libJpMsmcTipaperfold.a; sourceTree = BUILT_PRODUCTS_DIR; };
/* End PBXFileReference section */

/* Begin PBXFrameworksBuildPhase section */
		D2AAC07C0554694100DB518D /* Frameworks */ = {
			isa = PBXFrameworksBuildPhase;
			buildActionMask = 2147483647;
			files = (
				31E2265415D67B8100B6F9E2 /* QuartzCore.framework in Frameworks */,
				AACBBE4A0F95108600F1A2B1 /* Foundation.framework in Frameworks */,
			);
			runOnlyForDeploymentPostprocessing = 0;
		};
/* End PBXFrameworksBuildPhase section */

/* Begin PBXGroup section */
		034768DFFF38A50411DB9C8B /* Products */ = {
			isa = PBXGroup;
			children = (
				D2AAC07E0554694100DB518D /* libJpMsmcTipaperfold.a */,
			);
			name = Products;
			sourceTree = "<group>";
		};
		0867D691FE84028FC02AAC07 /* tipapaerfold */ = {
			isa = PBXGroup;
			children = (
				316855B615D5F8B9004FFAAC /* PaperFold */,
				08FB77AEFE84172EC02AAC07 /* Classes */,
				32C88DFF0371C24200C91783 /* Other Sources */,
				0867D69AFE84028FC02AAC07 /* Frameworks */,
				034768DFFF38A50411DB9C8B /* Products */,
			);
			name = tipapaerfold;
			sourceTree = "<group>";
		};
		0867D69AFE84028FC02AAC07 /* Frameworks */ = {
			isa = PBXGroup;
			children = (
				31E2265315D67B8100B6F9E2 /* QuartzCore.framework */,
				AACBBE490F95108600F1A2B1 /* Foundation.framework */,
			);
			name = Frameworks;
			sourceTree = "<group>";
		};
		08FB77AEFE84172EC02AAC07 /* Classes */ = {
			isa = PBXGroup;
			children = (
				24DE9E0F11C5FE74003F90F6 /* JpMsmcTipaperfoldModuleAssets.h */,
				24DE9E1011C5FE74003F90F6 /* JpMsmcTipaperfoldModuleAssets.m */,
				24DD6CF71134B3F500162E58 /* JpMsmcTipaperfoldModule.h */,
				24DD6CF81134B3F500162E58 /* JpMsmcTipaperfoldModule.m */,
				31E2264015D604E600B6F9E2 /* JpMsmcTipaperfoldPaperFoldViewProxy.h */,
				31E2264115D604E600B6F9E2 /* JpMsmcTipaperfoldPaperFoldViewProxy.m */,
				31E2264715D66C4900B6F9E2 /* JpMsmcTipaperfoldPaperFoldView.h */,
				31E2264815D66C4900B6F9E2 /* JpMsmcTipaperfoldPaperFoldView.m */,
			);
			name = Classes;
			sourceTree = "<group>";
		};
		316855B615D5F8B9004FFAAC /* PaperFold */ = {
			isa = PBXGroup;
			children = (
				31BEF98215E1B2060049D2C3 /* FacingView.h */,
				31BEF98315E1B2060049D2C3 /* FacingView.m */,
				31BEF98415E1B2060049D2C3 /* FoldView.h */,
				31BEF98515E1B2060049D2C3 /* FoldView.m */,
				31BEF98615E1B2060049D2C3 /* MultiFoldView.h */,
				31BEF98715E1B2060049D2C3 /* MultiFoldView.m */,
				31BEF98815E1B2060049D2C3 /* PaperFoldNavigationController.h */,
				31BEF98915E1B2060049D2C3 /* PaperFoldNavigationController.m */,
				31BEF98A15E1B2060049D2C3 /* PaperFoldView.h */,
				31BEF98B15E1B2060049D2C3 /* PaperFoldView.m */,
				31BEF98C15E1B2060049D2C3 /* ShadowView.h */,
				31BEF98D15E1B2060049D2C3 /* ShadowView.m */,
				31BEF98E15E1B2060049D2C3 /* TouchThroughUIView.h */,
				31BEF98F15E1B2060049D2C3 /* TouchThroughUIView.m */,
				31BEF99015E1B2060049D2C3 /* UIView+Screenshot.h */,
				31BEF99115E1B2060049D2C3 /* UIView+Screenshot.m */,
			);
			path = PaperFold;
			sourceTree = "<group>";
		};
		32C88DFF0371C24200C91783 /* Other Sources */ = {
			isa = PBXGroup;
			children = (
				AA747D9E0F9514B9006C5449 /* JpMsmcTipaperfold_Prefix.pch */,
				24DD6D1B1134B66800162E58 /* titanium.xcconfig */,
			);
			name = "Other Sources";
			sourceTree = "<group>";
		};
/* End PBXGroup section */

/* Begin PBXHeadersBuildPhase section */
		D2AAC07A0554694100DB518D /* Headers */ = {
			isa = PBXHeadersBuildPhase;
			buildActionMask = 2147483647;
			files = (
				AA747D9F0F9514B9006C5449 /* JpMsmcTipaperfold_Prefix.pch in Headers */,
				24DD6CF91134B3F500162E58 /* JpMsmcTipaperfoldModule.h in Headers */,
				24DE9E1111C5FE74003F90F6 /* JpMsmcTipaperfoldModuleAssets.h in Headers */,
				31E2264215D604E600B6F9E2 /* JpMsmcTipaperfoldPaperFoldViewProxy.h in Headers */,
				31E2264915D66C4900B6F9E2 /* JpMsmcTipaperfoldPaperFoldView.h in Headers */,
				31BEF99215E1B2060049D2C3 /* FacingView.h in Headers */,
				31BEF99415E1B2060049D2C3 /* FoldView.h in Headers */,
				31BEF99615E1B2060049D2C3 /* MultiFoldView.h in Headers */,
				31BEF99815E1B2060049D2C3 /* PaperFoldNavigationController.h in Headers */,
				31BEF99A15E1B2060049D2C3 /* PaperFoldView.h in Headers */,
				31BEF99C15E1B2060049D2C3 /* ShadowView.h in Headers */,
				31BEF99E15E1B2060049D2C3 /* TouchThroughUIView.h in Headers */,
				31BEF9A015E1B2060049D2C3 /* UIView+Screenshot.h in Headers */,
			);
			runOnlyForDeploymentPostprocessing = 0;
		};
/* End PBXHeadersBuildPhase section */

/* Begin PBXNativeTarget section */
		D2AAC07D0554694100DB518D /* tipapaerfold */ = {
			isa = PBXNativeTarget;
			buildConfigurationList = 1DEB921E08733DC00010E9CD /* Build configuration list for PBXNativeTarget "tipapaerfold" */;
			buildPhases = (
				D2AAC07A0554694100DB518D /* Headers */,
				D2AAC07B0554694100DB518D /* Sources */,
				D2AAC07C0554694100DB518D /* Frameworks */,
			);
			buildRules = (
			);
			dependencies = (
			);
			name = tipapaerfold;
			productName = tipapaerfold;
			productReference = D2AAC07E0554694100DB518D /* libJpMsmcTipaperfold.a */;
			productType = "com.apple.product-type.library.static";
		};
/* End PBXNativeTarget section */

/* Begin PBXProject section */
		0867D690FE84028FC02AAC07 /* Project object */ = {
			isa = PBXProject;
			buildConfigurationList = 1DEB922208733DC00010E9CD /* Build configuration list for PBXProject "tipapaerfold" */;
			compatibilityVersion = "Xcode 3.1";
			developmentRegion = English;
			hasScannedForEncodings = 1;
			knownRegions = (
				English,
				Japanese,
				French,
				German,
			);
			mainGroup = 0867D691FE84028FC02AAC07 /* tipapaerfold */;
			productRefGroup = 034768DFFF38A50411DB9C8B /* Products */;
			projectDirPath = "";
			projectRoot = "";
			targets = (
				D2AAC07D0554694100DB518D /* tipapaerfold */,
				24416B8111C4CA220047AFDD /* Build & Test */,
			);
		};
/* End PBXProject section */

/* Begin PBXShellScriptBuildPhase section */
		24416B8011C4CA220047AFDD /* ShellScript */ = {
			isa = PBXShellScriptBuildPhase;
			buildActionMask = 2147483647;
			files = (
			);
			inputPaths = (
			);
			outputPaths = (
			);
			runOnlyForDeploymentPostprocessing = 0;
			shellPath = /bin/sh;
			shellScript = "# shell script goes here\n\npython \"${TITANIUM_SDK}/titanium.py\" run --dir=\"${PROJECT_DIR}\"\nexit $?\n";
		};
/* End PBXShellScriptBuildPhase section */

/* Begin PBXSourcesBuildPhase section */
		D2AAC07B0554694100DB518D /* Sources */ = {
			isa = PBXSourcesBuildPhase;
			buildActionMask = 2147483647;
			files = (
				24DD6CFA1134B3F500162E58 /* JpMsmcTipaperfoldModule.m in Sources */,
				24DE9E1211C5FE74003F90F6 /* JpMsmcTipaperfoldModuleAssets.m in Sources */,
				31E2264315D604E600B6F9E2 /* JpMsmcTipaperfoldPaperFoldViewProxy.m in Sources */,
				31E2264A15D66C4900B6F9E2 /* JpMsmcTipaperfoldPaperFoldView.m in Sources */,
				31BEF99315E1B2060049D2C3 /* FacingView.m in Sources */,
				31BEF99515E1B2060049D2C3 /* FoldView.m in Sources */,
				31BEF99715E1B2060049D2C3 /* MultiFoldView.m in Sources */,
				31BEF99915E1B2060049D2C3 /* PaperFoldNavigationController.m in Sources */,
				31BEF99B15E1B2060049D2C3 /* PaperFoldView.m in Sources */,
				31BEF99D15E1B2060049D2C3 /* ShadowView.m in Sources */,
				31BEF99F15E1B2060049D2C3 /* TouchThroughUIView.m in Sources */,
				31BEF9A115E1B2060049D2C3 /* UIView+Screenshot.m in Sources */,
			);
			runOnlyForDeploymentPostprocessing = 0;
		};
/* End PBXSourcesBuildPhase section */

/* Begin PBXTargetDependency section */
		24416B8511C4CA280047AFDD /* PBXTargetDependency */ = {
			isa = PBXTargetDependency;
			target = D2AAC07D0554694100DB518D /* tipapaerfold */;
			targetProxy = 24416B8411C4CA280047AFDD /* PBXContainerItemProxy */;
		};
/* End PBXTargetDependency section */

/* Begin XCBuildConfiguration section */
		1DEB921F08733DC00010E9CD /* Debug */ = {
			isa = XCBuildConfiguration;
			baseConfigurationReference = 24DD6D1B1134B66800162E58 /* titanium.xcconfig */;
			buildSettings = {
				ARCHS = (
					armv6,
					armv7,
				);
				"ARCHS[sdk=iphoneos*]" = (
					armv6,
					armv7,
				);
				"ARCHS[sdk=iphonesimulator*]" = i386;
				CLANG_ENABLE_OBJC_ARC = NO;
				CLANG_WARN_OBJCPP_ARC_ABI = NO;
				CODE_SIGN_IDENTITY = "iPhone Developer";
				"CODE_SIGN_IDENTITY[sdk=iphoneos*]" = "iPhone Developer";
				DSTROOT = /tmp/JpMsmcTipaperfold.dst;
				GCC_C_LANGUAGE_STANDARD = c99;
				GCC_OPTIMIZATION_LEVEL = 0;
				GCC_PRECOMPILE_PREFIX_HEADER = YES;
				GCC_PREFIX_HEADER = JpMsmcTipaperfold_Prefix.pch;
				GCC_PREPROCESSOR_DEFINITIONS = "TI_VERSION=$(TI_VERSION)";
				GCC_TREAT_WARNINGS_AS_ERRORS = NO;
				GCC_VERSION = "";
				GCC_WARN_ABOUT_RETURN_TYPE = NO;
				GCC_WARN_MISSING_PARENTHESES = NO;
				GCC_WARN_SHADOW = NO;
				GCC_WARN_STRICT_SELECTOR_MATCH = NO;
				GCC_WARN_UNUSED_FUNCTION = YES;
				GCC_WARN_UNUSED_PARAMETER = NO;
				GCC_WARN_UNUSED_VALUE = NO;
				GCC_WARN_UNUSED_VARIABLE = NO;
				INSTALL_PATH = /usr/local/lib;
				LIBRARY_SEARCH_PATHS = "";
				OTHER_CFLAGS = (
					"-DDEBUG",
					"-DTI_POST_1_2",
				);
				OTHER_LDFLAGS = "-ObjC";
				PRODUCT_NAME = JpMsmcTipaperfold;
				PROVISIONING_PROFILE = "";
				"PROVISIONING_PROFILE[sdk=iphoneos*]" = "";
				RUN_CLANG_STATIC_ANALYZER = NO;
				SDKROOT = iphoneos;
				USER_HEADER_SEARCH_PATHS = "";
			};
			name = Debug;
		};
		1DEB922008733DC00010E9CD /* Release */ = {
			isa = XCBuildConfiguration;
			baseConfigurationReference = 24DD6D1B1134B66800162E58 /* titanium.xcconfig */;
			buildSettings = {
				ALWAYS_SEARCH_USER_PATHS = NO;
				ARCHS = (
					armv6,
					armv7,
				);
				"ARCHS[sdk=iphoneos*]" = (
					armv6,
					armv7,
				);
				"ARCHS[sdk=iphonesimulator*]" = i386;
				CLANG_ENABLE_OBJC_ARC = NO;
				CLANG_WARN_OBJCPP_ARC_ABI = NO;
				DSTROOT = /tmp/JpMsmcTipaperfold.dst;
				GCC_C_LANGUAGE_STANDARD = c99;
				GCC_MODEL_TUNING = G5;
				GCC_PRECOMPILE_PREFIX_HEADER = YES;
				GCC_PREFIX_HEADER = JpMsmcTipaperfold_Prefix.pch;
				GCC_PREPROCESSOR_DEFINITIONS = "TI_VERSION=$(TI_VERSION)";
				GCC_TREAT_WARNINGS_AS_ERRORS = NO;
				GCC_VERSION = "";
				GCC_WARN_ABOUT_RETURN_TYPE = NO;
				GCC_WARN_MISSING_PARENTHESES = NO;
				GCC_WARN_SHADOW = NO;
				GCC_WARN_STRICT_SELECTOR_MATCH = NO;
				GCC_WARN_UNUSED_FUNCTION = YES;
				GCC_WARN_UNUSED_PARAMETER = NO;
				GCC_WARN_UNUSED_VALUE = NO;
				GCC_WARN_UNUSED_VARIABLE = NO;
				INSTALL_PATH = /usr/local/lib;
				IPHONEOS_DEPLOYMENT_TARGET = 4.0;
				LIBRARY_SEARCH_PATHS = "";
				OTHER_CFLAGS = "-DTI_POST_1_2";
				OTHER_LDFLAGS = "-ObjC";
				PRODUCT_NAME = JpMsmcTipaperfold;
				RUN_CLANG_STATIC_ANALYZER = NO;
				SDKROOT = iphoneos;
				USER_HEADER_SEARCH_PATHS = "";
			};
			name = Release;
		};
		1DEB922308733DC00010E9CD /* Debug */ = {
			isa = XCBuildConfiguration;
			baseConfigurationReference = 24DD6D1B1134B66800162E58 /* titanium.xcconfig */;
			buildSettings = {
				ARCHS = (
					armv6,
					armv7,
				);
				"ARCHS[sdk=iphoneos*]" = (
					armv6,
					armv7,
				);
				"ARCHS[sdk=iphonesimulator*]" = i386;
				CODE_SIGN_IDENTITY = "iPhone Developer";
				"CODE_SIGN_IDENTITY[sdk=iphoneos*]" = "iPhone Developer";
				DSTROOT = /tmp/JpMsmcTipaperfold.dst;
				GCC_C_LANGUAGE_STANDARD = c99;
				GCC_OPTIMIZATION_LEVEL = 0;
				GCC_PRECOMPILE_PREFIX_HEADER = YES;
				GCC_PREFIX_HEADER = JpMsmcTipaperfold_Prefix.pch;
				GCC_PREPROCESSOR_DEFINITIONS = "TI_VERSION=$(TI_VERSION)";
				GCC_TREAT_WARNINGS_AS_ERRORS = NO;
				GCC_VERSION = "";
				GCC_WARN_ABOUT_RETURN_TYPE = NO;
				GCC_WARN_MISSING_PARENTHESES = NO;
				GCC_WARN_SHADOW = NO;
				GCC_WARN_STRICT_SELECTOR_MATCH = NO;
				GCC_WARN_UNUSED_FUNCTION = YES;
				GCC_WARN_UNUSED_PARAMETER = NO;
				GCC_WARN_UNUSED_VALUE = NO;
				GCC_WARN_UNUSED_VARIABLE = NO;
				INSTALL_PATH = /usr/local/lib;
				OTHER_CFLAGS = (
					"-DDEBUG",
					"-DTI_POST_1_2",
				);
				OTHER_LDFLAGS = "-ObjC";
				PRODUCT_NAME = JpMsmcTipaperfold;
				PROVISIONING_PROFILE = "";
				"PROVISIONING_PROFILE[sdk=iphoneos*]" = "";
				RUN_CLANG_STATIC_ANALYZER = NO;
				SDKROOT = iphoneos;
				USER_HEADER_SEARCH_PATHS = "";
			};
			name = Debug;
		};
		1DEB922408733DC00010E9CD /* Release */ = {
			isa = XCBuildConfiguration;
			baseConfigurationReference = 24DD6D1B1134B66800162E58 /* titanium.xcconfig */;
			buildSettings = {
				ALWAYS_SEARCH_USER_PATHS = NO;
				ARCHS = (
					armv6,
					armv7,
				);
				"ARCHS[sdk=iphoneos*]" = (
					armv6,
					armv7,
				);
				"ARCHS[sdk=iphonesimulator*]" = i386;
				DSTROOT = /tmp/JpMsmcTipaperfold.dst;
				GCC_C_LANGUAGE_STANDARD = c99;
				GCC_MODEL_TUNING = G5;
				GCC_PRECOMPILE_PREFIX_HEADER = YES;
				GCC_PREFIX_HEADER = JpMsmcTipaperfold_Prefix.pch;
				GCC_PREPROCESSOR_DEFINITIONS = "TI_VERSION=$(TI_VERSION)";
				GCC_TREAT_WARNINGS_AS_ERRORS = NO;
				GCC_VERSION = "";
				GCC_WARN_ABOUT_RETURN_TYPE = NO;
				GCC_WARN_MISSING_PARENTHESES = NO;
				GCC_WARN_SHADOW = NO;
				GCC_WARN_STRICT_SELECTOR_MATCH = NO;
				GCC_WARN_UNUSED_FUNCTION = YES;
				GCC_WARN_UNUSED_PARAMETER = NO;
				GCC_WARN_UNUSED_VALUE = NO;
				GCC_WARN_UNUSED_VARIABLE = NO;
				INSTALL_PATH = /usr/local/lib;
				IPHONEOS_DEPLOYMENT_TARGET = 4.0;
				OTHER_CFLAGS = "-DTI_POST_1_2";
				OTHER_LDFLAGS = "-ObjC";
				PRODUCT_NAME = JpMsmcTipaperfold;
				RUN_CLANG_STATIC_ANALYZER = NO;
				SDKROOT = iphoneos;
				USER_HEADER_SEARCH_PATHS = "";
			};
			name = Release;
		};
		24416B8211C4CA220047AFDD /* Debug */ = {
			isa = XCBuildConfiguration;
			baseConfigurationReference = 24DD6D1B1134B66800162E58 /* titanium.xcconfig */;
			buildSettings = {
				COPY_PHASE_STRIP = NO;
				GCC_DYNAMIC_NO_PIC = NO;
				GCC_OPTIMIZATION_LEVEL = 0;
				PRODUCT_NAME = "Build & test";
			};
			name = Debug;
		};
		24416B8311C4CA220047AFDD /* Release */ = {
			isa = XCBuildConfiguration;
			baseConfigurationReference = 24DD6D1B1134B66800162E58 /* titanium.xcconfig */;
			buildSettings = {
				COPY_PHASE_STRIP = YES;
				DEBUG_INFORMATION_FORMAT = "dwarf-with-dsym";
				GCC_ENABLE_FIX_AND_CONTINUE = NO;
				PRODUCT_NAME = "Build & test";
				ZERO_LINK = NO;
			};
			name = Release;
		};
/* End XCBuildConfiguration section */

/* Begin XCConfigurationList section */
		1DEB921E08733DC00010E9CD /* Build configuration list for PBXNativeTarget "tipapaerfold" */ = {
			isa = XCConfigurationList;
			buildConfigurations = (
				1DEB921F08733DC00010E9CD /* Debug */,
				1DEB922008733DC00010E9CD /* Release */,
			);
			defaultConfigurationIsVisible = 0;
			defaultConfigurationName = Release;
		};
		1DEB922208733DC00010E9CD /* Build configuration list for PBXProject "tipapaerfold" */ = {
			isa = XCConfigurationList;
			buildConfigurations = (
				1DEB922308733DC00010E9CD /* Debug */,
				1DEB922408733DC00010E9CD /* Release */,
			);
			defaultConfigurationIsVisible = 0;
			defaultConfigurationName = Release;
		};
		24416B8A11C4CA520047AFDD /* Build configuration list for PBXAggregateTarget "Build & Test" */ = {
			isa = XCConfigurationList;
			buildConfigurations = (
				24416B8211C4CA220047AFDD /* Debug */,
				24416B8311C4CA220047AFDD /* Release */,
			);
			defaultConfigurationIsVisible = 0;
			defaultConfigurationName = Release;
		};
/* End XCConfigurationList section */
	};
	rootObject = 0867D690FE84028FC02AAC07 /* Project object */;
}
